{
    "_meta": {
        "hash": {
            "sha256": "68043c91911727f5087a664d0a0a6dc5875e83b6aa72e10f448c8bed5d5d77b7"
        },
        "pipfile-spec": 6,
        "requires": {
            "python_full_version": "3.11.8",
            "python_version": "3.11"
        },
        "sources": [
            {
                "name": "pypi",
                "url": "https://pypi.org/simple",
                "verify_ssl": true
            }
        ]
    },
    "default": {},
    "develop": {}
}
